
Microsoft Visual Studio Solution File, Format Version 12.00
# Visual Studio Version 17
VisualStudioVersion = 17.7.34202.233
MinimumVisualStudioVersion = 10.0.40219.1
Project("{9A19103F-16F7-4668-BE54-9A1E7A4F7556}") = "Hello", "Hello\Hello.csproj", "{802CCD56-E49B-4285-9DDD-30D0F193AF39}"
EndProject
Project("{9A19103F-16F7-4668-BE54-9A1E7A4F7556}") = "Variables", "Variables\Variables.csproj", "{E627D7B3-90BD-4FB0-B64E-7E940542111A}"
EndProject
Project("{2150E333-8FDC-42A3-9474-1A3956D46DE8}") = "Solution Items", "Solution Items", "{DA680147-C828-4130-8647-889C436B8BDB}"
	ProjectSection(SolutionItems) = preProject
		.editorconfig = .editorconfig
	EndProjectSection
EndProject
Project("{9A19103F-16F7-4668-BE54-9A1E7A4F7556}") = "Decisions", "Decisions\Decisions.csproj", "{663385B3-C090-407F-A06E-FDD751804102}"
EndProject
Project("{9A19103F-16F7-4668-BE54-9A1E7A4F7556}") = "ForIteration", "ForIteration\ForIteration.csproj", "{D6BD09BF-AB70-4BB4-AD55-A518E9D31EA7}"
EndProject
Project("{9A19103F-16F7-4668-BE54-9A1E7A4F7556}") = "UnderstandingArrays", "UnderstandingArrays\UnderstandingArrays.csproj", "{17404FAF-F4E9-4A92-9E38-F71B23763DB6}"
EndProject
Project("{FAE04EC0-301F-11D3-BF4B-00C04F79EFBC}") = "SimpleMethod", "SimpleMethod\SimpleMethod.csproj", "{BE0A7428-BD36-4D72-B8DB-89434DA7B6BD}"
EndProject
Global
	GlobalSection(SolutionConfigurationPlatforms) = preSolution
		Debug|Any CPU = Debug|Any CPU
		Release|Any CPU = Release|Any CPU
	EndGlobalSection
	GlobalSection(ProjectConfigurationPlatforms) = postSolution
		{802CCD56-E49B-4285-9DDD-30D0F193AF39}.Debug|Any CPU.ActiveCfg = Debug|Any CPU
		{802CCD56-E49B-4285-9DDD-30D0F193AF39}.Debug|Any CPU.Build.0 = Debug|Any CPU
		{802CCD56-E49B-4285-9DDD-30D0F193AF39}.Release|Any CPU.ActiveCfg = Release|Any CPU
		{802CCD56-E49B-4285-9DDD-30D0F193AF39}.Release|Any CPU.Build.0 = Release|Any CPU
		{E627D7B3-90BD-4FB0-B64E-7E940542111A}.Debug|Any CPU.ActiveCfg = Debug|Any CPU
		{E627D7B3-90BD-4FB0-B64E-7E940542111A}.Debug|Any CPU.Build.0 = Debug|Any CPU
		{E627D7B3-90BD-4FB0-B64E-7E940542111A}.Release|Any CPU.ActiveCfg = Release|Any CPU
		{E627D7B3-90BD-4FB0-B64E-7E940542111A}.Release|Any CPU.Build.0 = Release|Any CPU
		{663385B3-C090-407F-A06E-FDD751804102}.Debug|Any CPU.ActiveCfg = Debug|Any CPU
		{663385B3-C090-407F-A06E-FDD751804102}.Debug|Any CPU.Build.0 = Debug|Any CPU
		{663385B3-C090-407F-A06E-FDD751804102}.Release|Any CPU.ActiveCfg = Release|Any CPU
		{663385B3-C090-407F-A06E-FDD751804102}.Release|Any CPU.Build.0 = Release|Any CPU
		{D6BD09BF-AB70-4BB4-AD55-A518E9D31EA7}.Debug|Any CPU.ActiveCfg = Debug|Any CPU
		{D6BD09BF-AB70-4BB4-AD55-A518E9D31EA7}.Debug|Any CPU.Build.0 = Debug|Any CPU
		{D6BD09BF-AB70-4BB4-AD55-A518E9D31EA7}.Release|Any CPU.ActiveCfg = Release|Any CPU
		{D6BD09BF-AB70-4BB4-AD55-A518E9D31EA7}.Release|Any CPU.Build.0 = Release|Any CPU
		{17404FAF-F4E9-4A92-9E38-F71B23763DB6}.Debug|Any CPU.ActiveCfg = Debug|Any CPU
		{17404FAF-F4E9-4A92-9E38-F71B23763DB6}.Debug|Any CPU.Build.0 = Debug|Any CPU
		{17404FAF-F4E9-4A92-9E38-F71B23763DB6}.Release|Any CPU.ActiveCfg = Release|Any CPU
		{17404FAF-F4E9-4A92-9E38-F71B23763DB6}.Release|Any CPU.Build.0 = Release|Any CPU
		{BE0A7428-BD36-4D72-B8DB-89434DA7B6BD}.Debug|Any CPU.ActiveCfg = Debug|Any CPU
		{BE0A7428-BD36-4D72-B8DB-89434DA7B6BD}.Debug|Any CPU.Build.0 = Debug|Any CPU
		{BE0A7428-BD36-4D72-B8DB-89434DA7B6BD}.Release|Any CPU.ActiveCfg = Release|Any CPU
		{BE0A7428-BD36-4D72-B8DB-89434DA7B6BD}.Release|Any CPU.Build.0 = Release|Any CPU
	EndGlobalSection
	GlobalSection(SolutionProperties) = preSolution
		HideSolutionNode = FALSE
	EndGlobalSection
	GlobalSection(ExtensibilityGlobals) = postSolution
		SolutionGuid = {AED72159-16C9-49DF-9016-0E4C3D95409D}
	EndGlobalSection
EndGlobal
